
Microsoft Visual Studio Solution File, Format Version 12.00
# Visual Studio Version 17
VisualStudioVersion = 17.8.35027.43
MinimumVisualStudioVersion = 10.0.40219.1
Project("{FAE04EC0-301F-11D3-BF4B-00C04F79EFBC}") = "TR.SmartSample.ExcelAddin", "TR.SmartSample.ExcelAddin\TR.SmartSample.ExcelAddin.csproj", "{14CA5A75-37AA-49FA-93F2-58C7DD94FA9B}"
EndProject
Project("{FAE04EC0-301F-11D3-BF4B-00C04F79EFBC}") = "TR.SmartSample.BlazorWebUI", "TR.SmartSample.BlazorWebUI\TR.SmartSample.BlazorWebUI.csproj", "{08EED7A3-06C2-4E72-8514-BDF199E5FB8A}"
EndProject
Global
	GlobalSection(SolutionConfigurationPlatforms) = preSolution
		Debug|Any CPU = Debug|Any CPU
		Release|Any CPU = Release|Any CPU
	EndGlobalSection
	GlobalSection(ProjectConfigurationPlatforms) = postSolution
		{14CA5A75-37AA-49FA-93F2-58C7DD94FA9B}.Debug|Any CPU.ActiveCfg = Debug|Any CPU
		{14CA5A75-37AA-49FA-93F2-58C7DD94FA9B}.Debug|Any CPU.Build.0 = Debug|Any CPU
		{14CA5A75-37AA-49FA-93F2-58C7DD94FA9B}.Debug|Any CPU.Deploy.0 = Debug|Any CPU
		{14CA5A75-37AA-49FA-93F2-58C7DD94FA9B}.Release|Any CPU.ActiveCfg = Release|Any CPU
		{14CA5A75-37AA-49FA-93F2-58C7DD94FA9B}.Release|Any CPU.Build.0 = Release|Any CPU
		{14CA5A75-37AA-49FA-93F2-58C7DD94FA9B}.Release|Any CPU.Deploy.0 = Release|Any CPU
		{08EED7A3-06C2-4E72-8514-BDF199E5FB8A}.Debug|Any CPU.ActiveCfg = Debug|Any CPU
		{08EED7A3-06C2-4E72-8514-BDF199E5FB8A}.Debug|Any CPU.Build.0 = Debug|Any CPU
		{08EED7A3-06C2-4E72-8514-BDF199E5FB8A}.Release|Any CPU.ActiveCfg = Release|Any CPU
		{08EED7A3-06C2-4E72-8514-BDF199E5FB8A}.Release|Any CPU.Build.0 = Release|Any CPU
	EndGlobalSection
	GlobalSection(SolutionProperties) = preSolution
		HideSolutionNode = FALSE
	EndGlobalSection
	GlobalSection(ExtensibilityGlobals) = postSolution
		SolutionGuid = {F3291F7D-A4D6-486F-881F-94454D39E691}
	EndGlobalSection
EndGlobal
